
Microsoft Visual Studio Solution File, Format Version 12.00
# Visual Studio 14
VisualStudioVersion = 14.0.24720.0
MinimumVisualStudioVersion = 10.0.40219.1
Project("{FAE04EC0-301F-11D3-BF4B-00C04F79EFBC}") = "TennisGame.UnitTests", "TennisGame.UnitTests\TennisGame.UnitTests.csproj", "{AB74A05D-689D-45EC-8635-D0ED4ABE4D88}"
EndProject
Project("{2150E333-8FDC-42A3-9474-1A3956D46DE8}") = "App", "App", "{D7BC2CE3-031E-409B-A772-716A1FB6D11F}"
	ProjectSection(SolutionItems) = preProject
		App\TennisGame.GUI.exe = App\TennisGame.GUI.exe
		App\TennisGame.GUI.exe.config = App\TennisGame.GUI.exe.config
		App\TennisGame.GUI.vshost.exe = App\TennisGame.GUI.vshost.exe
		App\TennisGame.GUI.vshost.exe.config = App\TennisGame.GUI.vshost.exe.config
		App\TennisGame.Models.dll = App\TennisGame.Models.dll
	EndProjectSection
EndProject
Global
	GlobalSection(SolutionConfigurationPlatforms) = preSolution
		Debug|Any CPU = Debug|Any CPU
		Release|Any CPU = Release|Any CPU
	EndGlobalSection
	GlobalSection(ProjectConfigurationPlatforms) = postSolution
		{AB74A05D-689D-45EC-8635-D0ED4ABE4D88}.Debug|Any CPU.ActiveCfg = Debug|Any CPU
		{AB74A05D-689D-45EC-8635-D0ED4ABE4D88}.Debug|Any CPU.Build.0 = Debug|Any CPU
		{AB74A05D-689D-45EC-8635-D0ED4ABE4D88}.Release|Any CPU.ActiveCfg = Release|Any CPU
		{AB74A05D-689D-45EC-8635-D0ED4ABE4D88}.Release|Any CPU.Build.0 = Release|Any CPU
	EndGlobalSection
	GlobalSection(SolutionProperties) = preSolution
		HideSolutionNode = FALSE
	EndGlobalSection
EndGlobal
